{
  "sources": {
    "openstack-ops-messaging": {
      "path": "."
    },
    "openstack-common": {
      "locked_version": "8.0.0",
      "git": "git://github.com/stackforge/cookbook-openstack-common.git",
      "ref": "2201bd113ffe1742c19811aa4df59a5790af71e3"
    },
    "rabbitmq": {
      "locked_version": "2.3.2"
    },
    "erlang": {
      "locked_version": "1.4.2"
    },
    "apt": {
      "locked_version": "2.3.4"
    },
    "yum": {
      "locked_version": "3.0.2"
    },
    "yum-epel": {
      "locked_version": "0.2.0"
    },
    "yum-erlang_solutions": {
      "locked_version": "0.1.4"
    },
    "build-essential": {
      "locked_version": "1.4.2"
    },
    "database": {
      "locked_version": "1.6.0"
    },
    "mysql": {
      "locked_version": "4.0.14"
    },
    "openssl": {
      "locked_version": "1.1.0"
    },
    "postgresql": {
      "locked_version": "3.3.4"
    },
    "aws": {
      "locked_version": "1.0.0"
    },
    "xfs": {
      "locked_version": "1.1.0"
    }
  }
}
